// !$*UTF8*$!
{
	archiveVersion = 1;
	classes = {
	};
	objectVersion = 48;
	objects = {

/* Begin PBXBuildFile section */
		836D3CAA201379FF0069A95A /* PRHudIndicatorTests.m in Sources */ = {isa = PBXBuildFile; fileRef = 836D3CA9201379FF0069A95A /* PRHudIndicatorTests.m */; };
		836D3CB5201379FF0069A95A /* PRHudIndicatorUITests.m in Sources */ = {isa = PBXBuildFile; fileRef = 836D3CB4201379FF0069A95A /* PRHudIndicatorUITests.m */; };
		836D3CC420137A3F0069A95A /* PRHudIndicator.m in Sources */ = {isa = PBXBuildFile; fileRef = 836D3CC320137A3F0069A95A /* PRHudIndicator.m */; };
		9A46354920C7C716008A8A78 /* ViewController.m in Sources */ = {isa = PBXBuildFile; fileRef = 9A46353C20C7C715008A8A78 /* ViewController.m */; };
		9A46354A20C7C716008A8A78 /* LaunchScreen.storyboard in Resources */ = {isa = PBXBuildFile; fileRef = 9A46353E20C7C715008A8A78 /* LaunchScreen.storyboard */; };
		9A46354B20C7C716008A8A78 /* Main.storyboard in Resources */ = {isa = PBXBuildFile; fileRef = 9A46354020C7C715008A8A78 /* Main.storyboard */; };
		9A46354C20C7C716008A8A78 /* AppDelegate.m in Sources */ = {isa = PBXBuildFile; fileRef = 9A46354420C7C715008A8A78 /* AppDelegate.m */; };
		9A46354D20C7C716008A8A78 /* Info.plist in Resources */ = {isa = PBXBuildFile; fileRef = 9A46354520C7C715008A8A78 /* Info.plist */; };
		9A46354E20C7C716008A8A78 /* 010.jpg in Resources */ = {isa = PBXBuildFile; fileRef = 9A46354620C7C715008A8A78 /* 010.jpg */; };
		9A46354F20C7C716008A8A78 /* Assets.xcassets in Resources */ = {isa = PBXBuildFile; fileRef = 9A46354720C7C715008A8A78 /* Assets.xcassets */; };
		9A46355020C7C716008A8A78 /* main.m in Sources */ = {isa = PBXBuildFile; fileRef = 9A46354820C7C715008A8A78 /* main.m */; };
		9A6B0CAB202FE87100A6BE3C /* PRHudDownLoadView.m in Sources */ = {isa = PBXBuildFile; fileRef = 9A6B0CAA202FE87100A6BE3C /* PRHudDownLoadView.m */; };
/* End PBXBuildFile section */

/* Begin PBXContainerItemProxy section */
		836D3CA6201379FF0069A95A /* PBXContainerItemProxy */ = {
			isa = PBXContainerItemProxy;
			containerPortal = 836D3C85201379FE0069A95A /* Project object */;
			proxyType = 1;
			remoteGlobalIDString = 836D3C8C201379FE0069A95A;
			remoteInfo = PRHudIndicator;
		};
		836D3CB1201379FF0069A95A /* PBXContainerItemProxy */ = {
			isa = PBXContainerItemProxy;
			containerPortal = 836D3C85201379FE0069A95A /* Project object */;
			proxyType = 1;
			remoteGlobalIDString = 836D3C8C201379FE0069A95A;
			remoteInfo = PRHudIndicator;
		};
/* End PBXContainerItemProxy section */

/* Begin PBXFileReference section */
		836D3C8D201379FE0069A95A /* PRHudIndicator.app */ = {isa = PBXFileReference; explicitFileType = wrapper.application; includeInIndex = 0; path = PRHudIndicator.app; sourceTree = BUILT_PRODUCTS_DIR; };
		836D3CA5201379FF0069A95A /* PRHudIndicatorTests.xctest */ = {isa = PBXFileReference; explicitFileType = wrapper.cfbundle; includeInIndex = 0; path = PRHudIndicatorTests.xctest; sourceTree = BUILT_PRODUCTS_DIR; };
		836D3CA9201379FF0069A95A /* PRHudIndicatorTests.m */ = {isa = PBXFileReference; lastKnownFileType = sourcecode.c.objc; path = PRHudIndicatorTests.m; sourceTree = "<group>"; };
		836D3CAB201379FF0069A95A /* Info.plist */ = {isa = PBXFileReference; lastKnownFileType = text.plist.xml; path = Info.plist; sourceTree = "<group>"; };
		836D3CB0201379FF0069A95A /* PRHudIndicatorUITests.xctest */ = {isa = PBXFileReference; explicitFileType = wrapper.cfbundle; includeInIndex = 0; path = PRHudIndicatorUITests.xctest; sourceTree = BUILT_PRODUCTS_DIR; };
		836D3CB4201379FF0069A95A /* PRHudIndicatorUITests.m */ = {isa = PBXFileReference; lastKnownFileType = sourcecode.c.objc; path = PRHudIndicatorUITests.m; sourceTree = "<group>"; };
		836D3CB6201379FF0069A95A /* Info.plist */ = {isa = PBXFileReference; lastKnownFileType = text.plist.xml; path = Info.plist; sourceTree = "<group>"; };
		836D3CC220137A3F0069A95A /* PRHudIndicator.h */ = {isa = PBXFileReference; lastKnownFileType = sourcecode.c.h; path = PRHudIndicator.h; sourceTree = "<group>"; };
		836D3CC320137A3F0069A95A /* PRHudIndicator.m */ = {isa = PBXFileReference; lastKnownFileType = sourcecode.c.objc; path = PRHudIndicator.m; sourceTree = "<group>"; };
		9A46353C20C7C715008A8A78 /* ViewController.m */ = {isa = PBXFileReference; fileEncoding = 4; lastKnownFileType = sourcecode.c.objc; name = ViewController.m; path = files/ViewController.m; sourceTree = SOURCE_ROOT; };
		9A46353F20C7C715008A8A78 /* Base */ = {isa = PBXFileReference; lastKnownFileType = file.storyboard; name = Base; path = LaunchScreen.storyboard; sourceTree = "<group>"; };
		9A46354120C7C715008A8A78 /* Base */ = {isa = PBXFileReference; lastKnownFileType = file.storyboard; name = Base; path = Main.storyboard; sourceTree = "<group>"; };
		9A46354220C7C715008A8A78 /* ViewController.h */ = {isa = PBXFileReference; fileEncoding = 4; lastKnownFileType = sourcecode.c.h; name = ViewController.h; path = files/ViewController.h; sourceTree = SOURCE_ROOT; };
		9A46354320C7C715008A8A78 /* AppDelegate.h */ = {isa = PBXFileReference; fileEncoding = 4; lastKnownFileType = sourcecode.c.h; name = AppDelegate.h; path = files/AppDelegate.h; sourceTree = SOURCE_ROOT; };
		9A46354420C7C715008A8A78 /* AppDelegate.m */ = {isa = PBXFileReference; fileEncoding = 4; lastKnownFileType = sourcecode.c.objc; name = AppDelegate.m; path = files/AppDelegate.m; sourceTree = SOURCE_ROOT; };
		9A46354520C7C715008A8A78 /* Info.plist */ = {isa = PBXFileReference; fileEncoding = 4; lastKnownFileType = text.plist.xml; name = Info.plist; path = files/Info.plist; sourceTree = SOURCE_ROOT; };
		9A46354620C7C715008A8A78 /* 010.jpg */ = {isa = PBXFileReference; lastKnownFileType = image.jpeg; name = 010.jpg; path = files/010.jpg; sourceTree = SOURCE_ROOT; };
		9A46354720C7C715008A8A78 /* Assets.xcassets */ = {isa = PBXFileReference; lastKnownFileType = folder.assetcatalog; name = Assets.xcassets; path = files/Assets.xcassets; sourceTree = SOURCE_ROOT; };
		9A46354820C7C715008A8A78 /* main.m */ = {isa = PBXFileReference; fileEncoding = 4; lastKnownFileType = sourcecode.c.objc; name = main.m; path = files/main.m; sourceTree = SOURCE_ROOT; };
		9A6B0CA9202FE87100A6BE3C /* PRHudDownLoadView.h */ = {isa = PBXFileReference; lastKnownFileType = sourcecode.c.h; path = PRHudDownLoadView.h; sourceTree = "<group>"; };
		9A6B0CAA202FE87100A6BE3C /* PRHudDownLoadView.m */ = {isa = PBXFileReference; lastKnownFileType = sourcecode.c.objc; path = PRHudDownLoadView.m; sourceTree = "<group>"; };
/* End PBXFileReference section */

/* Begin PBXFrameworksBuildPhase section */
		836D3C8A201379FE0069A95A /* Frameworks */ = {
			isa = PBXFrameworksBuildPhase;
			buildActionMask = 2147483647;
			files = (
			);
			runOnlyForDeploymentPostprocessing = 0;
		};
		836D3CA2201379FF0069A95A /* Frameworks */ = {
			isa = PBXFrameworksBuildPhase;
			buildActionMask = 2147483647;
			files = (
			);
			runOnlyForDeploymentPostprocessing = 0;
		};
		836D3CAD201379FF0069A95A /* Frameworks */ = {
			isa = PBXFrameworksBuildPhase;
			buildActionMask = 2147483647;
			files = (
			);
			runOnlyForDeploymentPostprocessing = 0;
		};
/* End PBXFrameworksBuildPhase section */

/* Begin PBXGroup section */
		836D3C84201379FE0069A95A = {
			isa = PBXGroup;
			children = (
				836D3C8F201379FE0069A95A /* PRHudIndicator */,
				836D3CA8201379FF0069A95A /* PRHudIndicatorTests */,
				836D3CB3201379FF0069A95A /* PRHudIndicatorUITests */,
				836D3C8E201379FE0069A95A /* Products */,
			);
			sourceTree = "<group>";
		};
		836D3C8E201379FE0069A95A /* Products */ = {
			isa = PBXGroup;
			children = (
				836D3C8D201379FE0069A95A /* PRHudIndicator.app */,
				836D3CA5201379FF0069A95A /* PRHudIndicatorTests.xctest */,
				836D3CB0201379FF0069A95A /* PRHudIndicatorUITests.xctest */,
			);
			name = Products;
			sourceTree = "<group>";
		};
		836D3C8F201379FE0069A95A /* PRHudIndicator */ = {
			isa = PBXGroup;
			children = (
				9A46354620C7C715008A8A78 /* 010.jpg */,
				9A46354320C7C715008A8A78 /* AppDelegate.h */,
				9A46354420C7C715008A8A78 /* AppDelegate.m */,
				9A46354220C7C715008A8A78 /* ViewController.h */,
				9A46353C20C7C715008A8A78 /* ViewController.m */,
				9A46354720C7C715008A8A78 /* Assets.xcassets */,
				9A46353D20C7C715008A8A78 /* Base.lproj */,
				9A46354520C7C715008A8A78 /* Info.plist */,
				9A46354820C7C715008A8A78 /* main.m */,
				836D3CC220137A3F0069A95A /* PRHudIndicator.h */,
				836D3CC320137A3F0069A95A /* PRHudIndicator.m */,
				9A6B0CA9202FE87100A6BE3C /* PRHudDownLoadView.h */,
				9A6B0CAA202FE87100A6BE3C /* PRHudDownLoadView.m */,
			);
			path = PRHudIndicator;
			sourceTree = "<group>";
		};
		836D3CA8201379FF0069A95A /* PRHudIndicatorTests */ = {
			isa = PBXGroup;
			children = (
				836D3CA9201379FF0069A95A /* PRHudIndicatorTests.m */,
				836D3CAB201379FF0069A95A /* Info.plist */,
			);
			path = PRHudIndicatorTests;
			sourceTree = "<group>";
		};
		836D3CB3201379FF0069A95A /* PRHudIndicatorUITests */ = {
			isa = PBXGroup;
			children = (
				836D3CB4201379FF0069A95A /* PRHudIndicatorUITests.m */,
				836D3CB6201379FF0069A95A /* Info.plist */,
			);
			path = PRHudIndicatorUITests;
			sourceTree = "<group>";
		};
		9A46353D20C7C715008A8A78 /* Base.lproj */ = {
			isa = PBXGroup;
			children = (
				9A46353E20C7C715008A8A78 /* LaunchScreen.storyboard */,
				9A46354020C7C715008A8A78 /* Main.storyboard */,
			);
			name = Base.lproj;
			path = files/Base.lproj;
			sourceTree = SOURCE_ROOT;
		};
/* End PBXGroup section */

/* Begin PBXNativeTarget section */
		836D3C8C201379FE0069A95A /* PRHudIndicator */ = {
			isa = PBXNativeTarget;
			buildConfigurationList = 836D3CB9201379FF0069A95A /* Build configuration list for PBXNativeTarget "PRHudIndicator" */;
			buildPhases = (
				836D3C89201379FE0069A95A /* Sources */,
				836D3C8A201379FE0069A95A /* Frameworks */,
				836D3C8B201379FE0069A95A /* Resources */,
			);
			buildRules = (
			);
			dependencies = (
			);
			name = PRHudIndicator;
			productName = PRHudIndicator;
			productReference = 836D3C8D201379FE0069A95A /* PRHudIndicator.app */;
			productType = "com.apple.product-type.application";
		};
		836D3CA4201379FF0069A95A /* PRHudIndicatorTests */ = {
			isa = PBXNativeTarget;
			buildConfigurationList = 836D3CBC201379FF0069A95A /* Build configuration list for PBXNativeTarget "PRHudIndicatorTests" */;
			buildPhases = (
				836D3CA1201379FF0069A95A /* Sources */,
				836D3CA2201379FF0069A95A /* Frameworks */,
				836D3CA3201379FF0069A95A /* Resources */,
			);
			buildRules = (
			);
			dependencies = (
				836D3CA7201379FF0069A95A /* PBXTargetDependency */,
			);
			name = PRHudIndicatorTests;
			productName = PRHudIndicatorTests;
			productReference = 836D3CA5201379FF0069A95A /* PRHudIndicatorTests.xctest */;
			productType = "com.apple.product-type.bundle.unit-test";
		};
		836D3CAF201379FF0069A95A /* PRHudIndicatorUITests */ = {
			isa = PBXNativeTarget;
			buildConfigurationList = 836D3CBF201379FF0069A95A /* Build configuration list for PBXNativeTarget "PRHudIndicatorUITests" */;
			buildPhases = (
				836D3CAC201379FF0069A95A /* Sources */,
				836D3CAD201379FF0069A95A /* Frameworks */,
				836D3CAE201379FF0069A95A /* Resources */,
			);
			buildRules = (
			);
			dependencies = (
				836D3CB2201379FF0069A95A /* PBXTargetDependency */,
			);
			name = PRHudIndicatorUITests;
			productName = PRHudIndicatorUITests;
			productReference = 836D3CB0201379FF0069A95A /* PRHudIndicatorUITests.xctest */;
			productType = "com.apple.product-type.bundle.ui-testing";
		};
/* End PBXNativeTarget section */

/* Begin PBXProject section */
		836D3C85201379FE0069A95A /* Project object */ = {
			isa = PBXProject;
			attributes = {
				LastUpgradeCheck = 0910;
				ORGANIZATIONNAME = "彭睿";
				TargetAttributes = {
					836D3C8C201379FE0069A95A = {
						CreatedOnToolsVersion = 9.1;
						ProvisioningStyle = Automatic;
					};
					836D3CA4201379FF0069A95A = {
						CreatedOnToolsVersion = 9.1;
						ProvisioningStyle = Automatic;
						TestTargetID = 836D3C8C201379FE0069A95A;
					};
					836D3CAF201379FF0069A95A = {
						CreatedOnToolsVersion = 9.1;
						ProvisioningStyle = Automatic;
						TestTargetID = 836D3C8C201379FE0069A95A;
					};
				};
			};
			buildConfigurationList = 836D3C88201379FE0069A95A /* Build configuration list for PBXProject "PRHudIndicator" */;
			compatibilityVersion = "Xcode 8.0";
			developmentRegion = en;
			hasScannedForEncodings = 0;
			knownRegions = (
				en,
				Base,
			);
			mainGroup = 836D3C84201379FE0069A95A;
			productRefGroup = 836D3C8E201379FE0069A95A /* Products */;
			projectDirPath = "";
			projectRoot = "";
			targets = (
				836D3C8C201379FE0069A95A /* PRHudIndicator */,
				836D3CA4201379FF0069A95A /* PRHudIndicatorTests */,
				836D3CAF201379FF0069A95A /* PRHudIndicatorUITests */,
			);
		};
/* End PBXProject section */

/* Begin PBXResourcesBuildPhase section */
		836D3C8B201379FE0069A95A /* Resources */ = {
			isa = PBXResourcesBuildPhase;
			buildActionMask = 2147483647;
			files = (
				9A46354A20C7C716008A8A78 /* LaunchScreen.storyboard in Resources */,
				9A46354B20C7C716008A8A78 /* Main.storyboard in Resources */,
				9A46354D20C7C716008A8A78 /* Info.plist in Resources */,
				9A46354E20C7C716008A8A78 /* 010.jpg in Resources */,
				9A46354F20C7C716008A8A78 /* Assets.xcassets in Resources */,
			);
			runOnlyForDeploymentPostprocessing = 0;
		};
		836D3CA3201379FF0069A95A /* Resources */ = {
			isa = PBXResourcesBuildPhase;
			buildActionMask = 2147483647;
			files = (
			);
			runOnlyForDeploymentPostprocessing = 0;
		};
		836D3CAE201379FF0069A95A /* Resources */ = {
			isa = PBXResourcesBuildPhase;
			buildActionMask = 2147483647;
			files = (
			);
			runOnlyForDeploymentPostprocessing = 0;
		};
/* End PBXResourcesBuildPhase section */

/* Begin PBXSourcesBuildPhase section */
		836D3C89201379FE0069A95A /* Sources */ = {
			isa = PBXSourcesBuildPhase;
			buildActionMask = 2147483647;
			files = (
				9A46355020C7C716008A8A78 /* main.m in Sources */,
				9A46354C20C7C716008A8A78 /* AppDelegate.m in Sources */,
				9A46354920C7C716008A8A78 /* ViewController.m in Sources */,
				9A6B0CAB202FE87100A6BE3C /* PRHudDownLoadView.m in Sources */,
				836D3CC420137A3F0069A95A /* PRHudIndicator.m in Sources */,
			);
			runOnlyForDeploymentPostprocessing = 0;
		};
		836D3CA1201379FF0069A95A /* Sources */ = {
			isa = PBXSourcesBuildPhase;
			buildActionMask = 2147483647;
			files = (
				836D3CAA201379FF0069A95A /* PRHudIndicatorTests.m in Sources */,
			);
			runOnlyForDeploymentPostprocessing = 0;
		};
		836D3CAC201379FF0069A95A /* Sources */ = {
			isa = PBXSourcesBuildPhase;
			buildActionMask = 2147483647;
			files = (
				836D3CB5201379FF0069A95A /* PRHudIndicatorUITests.m in Sources */,
			);
			runOnlyForDeploymentPostprocessing = 0;
		};
/* End PBXSourcesBuildPhase section */

/* Begin PBXTargetDependency section */
		836D3CA7201379FF0069A95A /* PBXTargetDependency */ = {
			isa = PBXTargetDependency;
			target = 836D3C8C201379FE0069A95A /* PRHudIndicator */;
			targetProxy = 836D3CA6201379FF0069A95A /* PBXContainerItemProxy */;
		};
		836D3CB2201379FF0069A95A /* PBXTargetDependency */ = {
			isa = PBXTargetDependency;
			target = 836D3C8C201379FE0069A95A /* PRHudIndicator */;
			targetProxy = 836D3CB1201379FF0069A95A /* PBXContainerItemProxy */;
		};
/* End PBXTargetDependency section */

/* Begin PBXVariantGroup section */
		9A46353E20C7C715008A8A78 /* LaunchScreen.storyboard */ = {
			isa = PBXVariantGroup;
			children = (
				9A46353F20C7C715008A8A78 /* Base */,
			);
			name = LaunchScreen.storyboard;
			sourceTree = "<group>";
		};
		9A46354020C7C715008A8A78 /* Main.storyboard */ = {
			isa = PBXVariantGroup;
			children = (
				9A46354120C7C715008A8A78 /* Base */,
			);
			name = Main.storyboard;
			sourceTree = "<group>";
		};
/* End PBXVariantGroup section */

/* Begin XCBuildConfiguration section */
		836D3CB7201379FF0069A95A /* Debug */ = {
			isa = XCBuildConfiguration;
			buildSettings = {
				ALWAYS_SEARCH_USER_PATHS = NO;
				CLANG_ANALYZER_NONNULL = YES;
				CLANG_ANALYZER_NUMBER_OBJECT_CONVERSION = YES_AGGRESSIVE;
				CLANG_CXX_LANGUAGE_STANDARD = "gnu++14";
				CLANG_CXX_LIBRARY = "libc++";
				CLANG_ENABLE_MODULES = YES;
				CLANG_ENABLE_OBJC_ARC = YES;
				CLANG_WARN_BLOCK_CAPTURE_AUTORELEASING = YES;
				CLANG_WARN_BOOL_CONVERSION = YES;
				CLANG_WARN_COMMA = YES;
				CLANG_WARN_CONSTANT_CONVERSION = YES;
				CLANG_WARN_DIRECT_OBJC_ISA_USAGE = YES_ERROR;
				CLANG_WARN_DOCUMENTATION_COMMENTS = YES;
				CLANG_WARN_EMPTY_BODY = YES;
				CLANG_WARN_ENUM_CONVERSION = YES;
				CLANG_WARN_INFINITE_RECURSION = YES;
				CLANG_WARN_INT_CONVERSION = YES;
				CLANG_WARN_NON_LITERAL_NULL_CONVERSION = YES;
				CLANG_WARN_OBJC_LITERAL_CONVERSION = YES;
				CLANG_WARN_OBJC_ROOT_CLASS = YES_ERROR;
				CLANG_WARN_RANGE_LOOP_ANALYSIS = YES;
				CLANG_WARN_STRICT_PROTOTYPES = YES;
				CLANG_WARN_SUSPICIOUS_MOVE = YES;
				CLANG_WARN_UNGUARDED_AVAILABILITY = YES_AGGRESSIVE;
				CLANG_WARN_UNREACHABLE_CODE = YES;
				CLANG_WARN__DUPLICATE_METHOD_MATCH = YES;
				CODE_SIGN_IDENTITY = "iPhone Developer";
				COPY_PHASE_STRIP = NO;
				DEBUG_INFORMATION_FORMAT = dwarf;
				ENABLE_STRICT_OBJC_MSGSEND = YES;
				ENABLE_TESTABILITY = YES;
				GCC_C_LANGUAGE_STANDARD = gnu11;
				GCC_DYNAMIC_NO_PIC = NO;
				GCC_NO_COMMON_BLOCKS = YES;
				GCC_OPTIMIZATION_LEVEL = 0;
				GCC_PREPROCESSOR_DEFINITIONS = (
					"DEBUG=1",
					"$(inherited)",
				);
				GCC_WARN_64_TO_32_BIT_CONVERSION = YES;
				GCC_WARN_ABOUT_RETURN_TYPE = YES_ERROR;
				GCC_WARN_UNDECLARED_SELECTOR = YES;
				GCC_WARN_UNINITIALIZED_AUTOS = YES_AGGRESSIVE;
				GCC_WARN_UNUSED_FUNCTION = YES;
				GCC_WARN_UNUSED_VARIABLE = YES;
				IPHONEOS_DEPLOYMENT_TARGET = 11.1;
				MTL_ENABLE_DEBUG_INFO = YES;
				ONLY_ACTIVE_ARCH = YES;
				SDKROOT = iphoneos;
			};
			name = Debug;
		};
		836D3CB8201379FF0069A95A /* Release */ = {
			isa = XCBuildConfiguration;
			buildSettings = {
				ALWAYS_SEARCH_USER_PATHS = NO;
				CLANG_ANALYZER_NONNULL = YES;
				CLANG_ANALYZER_NUMBER_OBJECT_CONVERSION = YES_AGGRESSIVE;
				CLANG_CXX_LANGUAGE_STANDARD = "gnu++14";
				CLANG_CXX_LIBRARY = "libc++";
				CLANG_ENABLE_MODULES = YES;
				CLANG_ENABLE_OBJC_ARC = YES;
				CLANG_WARN_BLOCK_CAPTURE_AUTORELEASING = YES;
				CLANG_WARN_BOOL_CONVERSION = YES;
				CLANG_WARN_COMMA = YES;
				CLANG_WARN_CONSTANT_CONVERSION = YES;
				CLANG_WARN_DIRECT_OBJC_ISA_USAGE = YES_ERROR;
				CLANG_WARN_DOCUMENTATION_COMMENTS = YES;
				CLANG_WARN_EMPTY_BODY = YES;
				CLANG_WARN_ENUM_CONVERSION = YES;
				CLANG_WARN_INFINITE_RECURSION = YES;
				CLANG_WARN_INT_CONVERSION = YES;
				CLANG_WARN_NON_LITERAL_NULL_CONVERSION = YES;
				CLANG_WARN_OBJC_LITERAL_CONVERSION = YES;
				CLANG_WARN_OBJC_ROOT_CLASS = YES_ERROR;
				CLANG_WARN_RANGE_LOOP_ANALYSIS = YES;
				CLANG_WARN_STRICT_PROTOTYPES = YES;
				CLANG_WARN_SUSPICIOUS_MOVE = YES;
				CLANG_WARN_UNGUARDED_AVAILABILITY = YES_AGGRESSIVE;
				CLANG_WARN_UNREACHABLE_CODE = YES;
				CLANG_WARN__DUPLICATE_METHOD_MATCH = YES;
				CODE_SIGN_IDENTITY = "iPhone Developer";
				COPY_PHASE_STRIP = NO;
				DEBUG_INFORMATION_FORMAT = "dwarf-with-dsym";
				ENABLE_NS_ASSERTIONS = NO;
				ENABLE_STRICT_OBJC_MSGSEND = YES;
				GCC_C_LANGUAGE_STANDARD = gnu11;
				GCC_NO_COMMON_BLOCKS = YES;
				GCC_WARN_64_TO_32_BIT_CONVERSION = YES;
				GCC_WARN_ABOUT_RETURN_TYPE = YES_ERROR;
				GCC_WARN_UNDECLARED_SELECTOR = YES;
				GCC_WARN_UNINITIALIZED_AUTOS = YES_AGGRESSIVE;
				GCC_WARN_UNUSED_FUNCTION = YES;
				GCC_WARN_UNUSED_VARIABLE = YES;
				IPHONEOS_DEPLOYMENT_TARGET = 11.1;
				MTL_ENABLE_DEBUG_INFO = NO;
				SDKROOT = iphoneos;
				VALIDATE_PRODUCT = YES;
			};
			name = Release;
		};
		836D3CBA201379FF0069A95A /* Debug */ = {
			isa = XCBuildConfiguration;
			buildSettings = {
				ASSETCATALOG_COMPILER_APPICON_NAME = AppIcon;
				CODE_SIGN_STYLE = Automatic;
				DEVELOPMENT_TEAM = M7JT4ZMJ42;
				INFOPLIST_FILE = PRHudIndicator/Info.plist;
				LD_RUNPATH_SEARCH_PATHS = "$(inherited) @executable_path/Frameworks";
				PRODUCT_BUNDLE_IDENTIFIER = PR.PRHudIndicator;
				PRODUCT_NAME = "$(TARGET_NAME)";
				TARGETED_DEVICE_FAMILY = "1,2";
			};
			name = Debug;
		};
		836D3CBB201379FF0069A95A /* Release */ = {
			isa = XCBuildConfiguration;
			buildSettings = {
				ASSETCATALOG_COMPILER_APPICON_NAME = AppIcon;
				CODE_SIGN_STYLE = Automatic;
				DEVELOPMENT_TEAM = M7JT4ZMJ42;
				INFOPLIST_FILE = PRHudIndicator/Info.plist;
				LD_RUNPATH_SEARCH_PATHS = "$(inherited) @executable_path/Frameworks";
				PRODUCT_BUNDLE_IDENTIFIER = PR.PRHudIndicator;
				PRODUCT_NAME = "$(TARGET_NAME)";
				TARGETED_DEVICE_FAMILY = "1,2";
			};
			name = Release;
		};
		836D3CBD201379FF0069A95A /* Debug */ = {
			isa = XCBuildConfiguration;
			buildSettings = {
				BUNDLE_LOADER = "$(TEST_HOST)";
				CODE_SIGN_STYLE = Automatic;
				INFOPLIST_FILE = PRHudIndicatorTests/Info.plist;
				LD_RUNPATH_SEARCH_PATHS = "$(inherited) @executable_path/Frameworks @loader_path/Frameworks";
				PRODUCT_BUNDLE_IDENTIFIER = PR.PRHudIndicatorTests;
				PRODUCT_NAME = "$(TARGET_NAME)";
				TARGETED_DEVICE_FAMILY = "1,2";
				TEST_HOST = "$(BUILT_PRODUCTS_DIR)/PRHudIndicator.app/PRHudIndicator";
			};
			name = Debug;
		};
		836D3CBE201379FF0069A95A /* Release */ = {
			isa = XCBuildConfiguration;
			buildSettings = {
				BUNDLE_LOADER = "$(TEST_HOST)";
				CODE_SIGN_STYLE = Automatic;
				INFOPLIST_FILE = PRHudIndicatorTests/Info.plist;
				LD_RUNPATH_SEARCH_PATHS = "$(inherited) @executable_path/Frameworks @loader_path/Frameworks";
				PRODUCT_BUNDLE_IDENTIFIER = PR.PRHudIndicatorTests;
				PRODUCT_NAME = "$(TARGET_NAME)";
				TARGETED_DEVICE_FAMILY = "1,2";
				TEST_HOST = "$(BUILT_PRODUCTS_DIR)/PRHudIndicator.app/PRHudIndicator";
			};
			name = Release;
		};
		836D3CC0201379FF0069A95A /* Debug */ = {
			isa = XCBuildConfiguration;
			buildSettings = {
				CODE_SIGN_STYLE = Automatic;
				INFOPLIST_FILE = PRHudIndicatorUITests/Info.plist;
				LD_RUNPATH_SEARCH_PATHS = "$(inherited) @executable_path/Frameworks @loader_path/Frameworks";
				PRODUCT_BUNDLE_IDENTIFIER = PR.PRHudIndicatorUITests;
				PRODUCT_NAME = "$(TARGET_NAME)";
				TARGETED_DEVICE_FAMILY = "1,2";
				TEST_TARGET_NAME = PRHudIndicator;
			};
			name = Debug;
		};
		836D3CC1201379FF0069A95A /* Release */ = {
			isa = XCBuildConfiguration;
			buildSettings = {
				CODE_SIGN_STYLE = Automatic;
				INFOPLIST_FILE = PRHudIndicatorUITests/Info.plist;
				LD_RUNPATH_SEARCH_PATHS = "$(inherited) @executable_path/Frameworks @loader_path/Frameworks";
				PRODUCT_BUNDLE_IDENTIFIER = PR.PRHudIndicatorUITests;
				PRODUCT_NAME = "$(TARGET_NAME)";
				TARGETED_DEVICE_FAMILY = "1,2";
				TEST_TARGET_NAME = PRHudIndicator;
			};
			name = Release;
		};
/* End XCBuildConfiguration section */

/* Begin XCConfigurationList section */
		836D3C88201379FE0069A95A /* Build configuration list for PBXProject "PRHudIndicator" */ = {
			isa = XCConfigurationList;
			buildConfigurations = (
				836D3CB7201379FF0069A95A /* Debug */,
				836D3CB8201379FF0069A95A /* Release */,
			);
			defaultConfigurationIsVisible = 0;
			defaultConfigurationName = Release;
		};
		836D3CB9201379FF0069A95A /* Build configuration list for PBXNativeTarget "PRHudIndicator" */ = {
			isa = XCConfigurationList;
			buildConfigurations = (
				836D3CBA201379FF0069A95A /* Debug */,
				836D3CBB201379FF0069A95A /* Release */,
			);
			defaultConfigurationIsVisible = 0;
			defaultConfigurationName = Release;
		};
		836D3CBC201379FF0069A95A /* Build configuration list for PBXNativeTarget "PRHudIndicatorTests" */ = {
			isa = XCConfigurationList;
			buildConfigurations = (
				836D3CBD201379FF0069A95A /* Debug */,
				836D3CBE201379FF0069A95A /* Release */,
			);
			defaultConfigurationIsVisible = 0;
			defaultConfigurationName = Release;
		};
		836D3CBF201379FF0069A95A /* Build configuration list for PBXNativeTarget "PRHudIndicatorUITests" */ = {
			isa = XCConfigurationList;
			buildConfigurations = (
				836D3CC0201379FF0069A95A /* Debug */,
				836D3CC1201379FF0069A95A /* Release */,
			);
			defaultConfigurationIsVisible = 0;
			defaultConfigurationName = Release;
		};
/* End XCConfigurationList section */
	};
	rootObject = 836D3C85201379FE0069A95A /* Project object */;
}
